
Microsoft Visual Studio Solution File, Format Version 12.00
Project("{FAE04EC0-301F-11D3-BF4B-00C04F79EFBC}") = "API", "rental-service\server\API\API.csproj", "{2CA76619-CB30-4251-B948-199711F3586F}"
EndProject
Project("{2150E333-8FDC-42A3-9474-1A3956D46DE8}") = "Solution Items", "Solution Items", "{30D36076-8D1F-40B6-B651-6B15D5EC7C25}"
	ProjectSection(SolutionItems) = preProject
		compose.yaml = compose.yaml
		.github\workflows\deploy.yml = .github\workflows\deploy.yml
	EndProjectSection
EndProject
Global
	GlobalSection(SolutionConfigurationPlatforms) = preSolution
		Debug|Any CPU = Debug|Any CPU
		Release|Any CPU = Release|Any CPU
	EndGlobalSection
	GlobalSection(ProjectConfigurationPlatforms) = postSolution
		{2CA76619-CB30-4251-B948-199711F3586F}.Debug|Any CPU.ActiveCfg = Debug|Any CPU
		{2CA76619-CB30-4251-B948-199711F3586F}.Debug|Any CPU.Build.0 = Debug|Any CPU
		{2CA76619-CB30-4251-B948-199711F3586F}.Release|Any CPU.ActiveCfg = Release|Any CPU
		{2CA76619-CB30-4251-B948-199711F3586F}.Release|Any CPU.Build.0 = Release|Any CPU
	EndGlobalSection
EndGlobal
